
Microsoft Visual Studio Solution File, Format Version 12.00
# Visual Studio Version 17
VisualStudioVersion = 17.10.35013.160
MinimumVisualStudioVersion = 10.0.40219.1
Project("{2150E333-8FDC-42A3-9474-1A3956D46DE8}") = "src", "src", "{F13C8C62-83E8-46E3-850F-9DD25FEE794C}"
EndProject
Project("{2150E333-8FDC-42A3-9474-1A3956D46DE8}") = "Solution Items", "Solution Items", "{61F193EF-0A35-4476-996C-50C192A69244}"
	ProjectSection(SolutionItems) = preProject
		ServiceUrls.txt = ServiceUrls.txt
	EndProjectSection
EndProject
Project("{2150E333-8FDC-42A3-9474-1A3956D46DE8}") = "ApiGateways", "ApiGateways", "{43C9CE22-4FE7-4F5C-BFBD-F689F0535129}"
EndProject
Project("{2150E333-8FDC-42A3-9474-1A3956D46DE8}") = "BuildingBlocks", "BuildingBlocks", "{AF7F3FC1-D245-405E-960B-02D4AC1CE745}"
EndProject
Project("{2150E333-8FDC-42A3-9474-1A3956D46DE8}") = "Services", "Services", "{47D61831-B371-4DD3-BD73-4698FCFCA8D0}"
EndProject
Project("{2150E333-8FDC-42A3-9474-1A3956D46DE8}") = "BlazorWebApp", "BlazorWebApp", "{C16DF162-62BE-4850-AE5D-A4D971D264AE}"
EndProject
Project("{2150E333-8FDC-42A3-9474-1A3956D46DE8}") = "Clients", "Clients", "{09773B5A-E73E-4552-A163-95F8EB2BDCD7}"
EndProject
Project("{2150E333-8FDC-42A3-9474-1A3956D46DE8}") = "MobileApp", "MobileApp", "{42EFA971-F150-4338-9F1F-53151981340E}"
EndProject
Project("{2150E333-8FDC-42A3-9474-1A3956D46DE8}") = "WebApiGateway", "WebApiGateway", "{410FF60F-EA3E-4E74-AC0C-9EB018DBD939}"
EndProject
Project("{9A19103F-16F7-4668-BE54-9A1E7A4F7556}") = "Web.ApiGateway", "src\ApiGateways\WebApiGateway\Web.ApiGateway\Web.ApiGateway.csproj", "{4CE70CCA-2BD5-4328-A751-F8FC0E13A1D3}"
EndProject
Project("{2150E333-8FDC-42A3-9474-1A3956D46DE8}") = "EventBus", "EventBus", "{AAAAB57B-3038-4FBC-887C-4D48FB04712E}"
EndProject
Project("{9A19103F-16F7-4668-BE54-9A1E7A4F7556}") = "EventBus.Base", "src\BuildingBlocks\EventBus\EventBus.Base\EventBus.Base.csproj", "{DEA82BF3-74BA-4212-8113-DDF86C3B90CB}"
EndProject
Project("{9A19103F-16F7-4668-BE54-9A1E7A4F7556}") = "EventBus.Factory", "src\BuildingBlocks\EventBus\EventBus.Factory\EventBus.Factory.csproj", "{C64A1BE3-8830-4E19-A2AD-84215E32E148}"
EndProject
Project("{9A19103F-16F7-4668-BE54-9A1E7A4F7556}") = "EventBus.AzureServiceBus", "src\BuildingBlocks\EventBus\EventBus.AzureServiceBus\EventBus.AzureServiceBus.csproj", "{5E0A5752-915D-4758-A4A5-10486FDFB8EC}"
EndProject
Project("{9A19103F-16F7-4668-BE54-9A1E7A4F7556}") = "EventBus.RabbitMQ", "src\BuildingBlocks\EventBus\EventBus.RabbitMQ\EventBus.RabbitMQ.csproj", "{BF2BE889-D28C-4590-83D7-95E0609588E5}"
EndProject
Project("{9A19103F-16F7-4668-BE54-9A1E7A4F7556}") = "WebApp", "src\Clients\BlazorWebApp\WebApp\WebApp.csproj", "{EAD6305A-E5C2-4803-A339-DD893DBE304A}"
EndProject
Project("{2150E333-8FDC-42A3-9474-1A3956D46DE8}") = "BasketService", "BasketService", "{0FE3062F-EC46-470F-AAD0-42B32491119B}"
EndProject
Project("{9A19103F-16F7-4668-BE54-9A1E7A4F7556}") = "BasketService.Api", "src\Services\BasketService\BasketService.Api\BasketService.Api.csproj", "{B7704C42-4247-4034-9D0E-FEA6EEC8E251}"
EndProject
Project("{2150E333-8FDC-42A3-9474-1A3956D46DE8}") = "CatalogService", "CatalogService", "{96E66D6B-7FA4-416E-97CB-9B762A59B64C}"
EndProject
Project("{9A19103F-16F7-4668-BE54-9A1E7A4F7556}") = "CatalogService.Api", "src\Services\CatalogService\CatalogService.Api\CatalogService.Api.csproj", "{B8F59DD2-6FA3-479B-A90F-ADC675566D1D}"
EndProject
Project("{2150E333-8FDC-42A3-9474-1A3956D46DE8}") = "IdentityService", "IdentityService", "{373FD426-E2C0-47C7-8F78-21D3507B2CB5}"
EndProject
Project("{9A19103F-16F7-4668-BE54-9A1E7A4F7556}") = "IdentityService.Api", "src\Services\IdentityService\IdentityService.Api\IdentityService.Api.csproj", "{7A151CA8-BA47-4BD2-B94B-921D1FA68C0F}"
EndProject
Project("{2150E333-8FDC-42A3-9474-1A3956D46DE8}") = "NotificationService", "NotificationService", "{E3396A79-07AE-4494-83C4-16C1CD70ECF3}"
EndProject
Project("{9A19103F-16F7-4668-BE54-9A1E7A4F7556}") = "NotificationService.Console", "src\Services\NotificationService\NotificationService.Console\NotificationService.Console.csproj", "{AAA31C08-4630-413D-9832-BB470AF2CFBC}"
EndProject
Project("{2150E333-8FDC-42A3-9474-1A3956D46DE8}") = "OrderService", "OrderService", "{AD0A4056-C90D-488F-AD78-8B4BD835228B}"
EndProject
Project("{9A19103F-16F7-4668-BE54-9A1E7A4F7556}") = "OrderService.Domain", "src\Services\OrderService\Domain\OrderService.Domain.csproj", "{70F77123-DC52-4433-A907-4EBE2D8DD074}"
EndProject
Project("{9A19103F-16F7-4668-BE54-9A1E7A4F7556}") = "OrderService.Application", "src\Services\OrderService\Application\OrderService.Application.csproj", "{A8CF0363-1EA0-428C-B557-73CF3CE8BEA9}"
EndProject
Project("{9A19103F-16F7-4668-BE54-9A1E7A4F7556}") = "OrderService.Infrastructure", "src\Services\OrderService\Infrastructure\OrderService.Infrastructure.csproj", "{93364474-AA00-47C3-B978-FB596BE06C8A}"
EndProject
Project("{9A19103F-16F7-4668-BE54-9A1E7A4F7556}") = "OrderService.Api", "src\Services\OrderService\OrderService.Api\OrderService.Api.csproj", "{689A1B76-B1AD-4B42-88EC-1B44C03B4729}"
EndProject
Project("{2150E333-8FDC-42A3-9474-1A3956D46DE8}") = "PaymentService", "PaymentService", "{B5AB8938-0F5A-456A-8B35-C854D5037F89}"
EndProject
Project("{9A19103F-16F7-4668-BE54-9A1E7A4F7556}") = "PaymentService.Api", "src\Services\PaymentService\PaymentService.Api\PaymentService.Api.csproj", "{73775F69-CBC8-4FB9-AA9C-766908B34E6B}"
EndProject
Global
	GlobalSection(SolutionConfigurationPlatforms) = preSolution
		Debug|Any CPU = Debug|Any CPU
		Release|Any CPU = Release|Any CPU
	EndGlobalSection
	GlobalSection(ProjectConfigurationPlatforms) = postSolution
		{4CE70CCA-2BD5-4328-A751-F8FC0E13A1D3}.Debug|Any CPU.ActiveCfg = Debug|Any CPU
		{4CE70CCA-2BD5-4328-A751-F8FC0E13A1D3}.Debug|Any CPU.Build.0 = Debug|Any CPU
		{4CE70CCA-2BD5-4328-A751-F8FC0E13A1D3}.Release|Any CPU.ActiveCfg = Release|Any CPU
		{4CE70CCA-2BD5-4328-A751-F8FC0E13A1D3}.Release|Any CPU.Build.0 = Release|Any CPU
		{DEA82BF3-74BA-4212-8113-DDF86C3B90CB}.Debug|Any CPU.ActiveCfg = Debug|Any CPU
		{DEA82BF3-74BA-4212-8113-DDF86C3B90CB}.Debug|Any CPU.Build.0 = Debug|Any CPU
		{DEA82BF3-74BA-4212-8113-DDF86C3B90CB}.Release|Any CPU.ActiveCfg = Release|Any CPU
		{DEA82BF3-74BA-4212-8113-DDF86C3B90CB}.Release|Any CPU.Build.0 = Release|Any CPU
		{C64A1BE3-8830-4E19-A2AD-84215E32E148}.Debug|Any CPU.ActiveCfg = Debug|Any CPU
		{C64A1BE3-8830-4E19-A2AD-84215E32E148}.Debug|Any CPU.Build.0 = Debug|Any CPU
		{C64A1BE3-8830-4E19-A2AD-84215E32E148}.Release|Any CPU.ActiveCfg = Release|Any CPU
		{C64A1BE3-8830-4E19-A2AD-84215E32E148}.Release|Any CPU.Build.0 = Release|Any CPU
		{5E0A5752-915D-4758-A4A5-10486FDFB8EC}.Debug|Any CPU.ActiveCfg = Debug|Any CPU
		{5E0A5752-915D-4758-A4A5-10486FDFB8EC}.Debug|Any CPU.Build.0 = Debug|Any CPU
		{5E0A5752-915D-4758-A4A5-10486FDFB8EC}.Release|Any CPU.ActiveCfg = Release|Any CPU
		{5E0A5752-915D-4758-A4A5-10486FDFB8EC}.Release|Any CPU.Build.0 = Release|Any CPU
		{BF2BE889-D28C-4590-83D7-95E0609588E5}.Debug|Any CPU.ActiveCfg = Debug|Any CPU
		{BF2BE889-D28C-4590-83D7-95E0609588E5}.Debug|Any CPU.Build.0 = Debug|Any CPU
		{BF2BE889-D28C-4590-83D7-95E0609588E5}.Release|Any CPU.ActiveCfg = Release|Any CPU
		{BF2BE889-D28C-4590-83D7-95E0609588E5}.Release|Any CPU.Build.0 = Release|Any CPU
		{EAD6305A-E5C2-4803-A339-DD893DBE304A}.Debug|Any CPU.ActiveCfg = Debug|Any CPU
		{EAD6305A-E5C2-4803-A339-DD893DBE304A}.Debug|Any CPU.Build.0 = Debug|Any CPU
		{EAD6305A-E5C2-4803-A339-DD893DBE304A}.Release|Any CPU.ActiveCfg = Release|Any CPU
		{EAD6305A-E5C2-4803-A339-DD893DBE304A}.Release|Any CPU.Build.0 = Release|Any CPU
		{B7704C42-4247-4034-9D0E-FEA6EEC8E251}.Debug|Any CPU.ActiveCfg = Debug|Any CPU
		{B7704C42-4247-4034-9D0E-FEA6EEC8E251}.Debug|Any CPU.Build.0 = Debug|Any CPU
		{B7704C42-4247-4034-9D0E-FEA6EEC8E251}.Release|Any CPU.ActiveCfg = Release|Any CPU
		{B7704C42-4247-4034-9D0E-FEA6EEC8E251}.Release|Any CPU.Build.0 = Release|Any CPU
		{B8F59DD2-6FA3-479B-A90F-ADC675566D1D}.Debug|Any CPU.ActiveCfg = Debug|Any CPU
		{B8F59DD2-6FA3-479B-A90F-ADC675566D1D}.Debug|Any CPU.Build.0 = Debug|Any CPU
		{B8F59DD2-6FA3-479B-A90F-ADC675566D1D}.Release|Any CPU.ActiveCfg = Release|Any CPU
		{B8F59DD2-6FA3-479B-A90F-ADC675566D1D}.Release|Any CPU.Build.0 = Release|Any CPU
		{7A151CA8-BA47-4BD2-B94B-921D1FA68C0F}.Debug|Any CPU.ActiveCfg = Debug|Any CPU
		{7A151CA8-BA47-4BD2-B94B-921D1FA68C0F}.Debug|Any CPU.Build.0 = Debug|Any CPU
		{7A151CA8-BA47-4BD2-B94B-921D1FA68C0F}.Release|Any CPU.ActiveCfg = Release|Any CPU
		{7A151CA8-BA47-4BD2-B94B-921D1FA68C0F}.Release|Any CPU.Build.0 = Release|Any CPU
		{AAA31C08-4630-413D-9832-BB470AF2CFBC}.Debug|Any CPU.ActiveCfg = Debug|Any CPU
		{AAA31C08-4630-413D-9832-BB470AF2CFBC}.Debug|Any CPU.Build.0 = Debug|Any CPU
		{AAA31C08-4630-413D-9832-BB470AF2CFBC}.Release|Any CPU.ActiveCfg = Release|Any CPU
		{AAA31C08-4630-413D-9832-BB470AF2CFBC}.Release|Any CPU.Build.0 = Release|Any CPU
		{70F77123-DC52-4433-A907-4EBE2D8DD074}.Debug|Any CPU.ActiveCfg = Debug|Any CPU
		{70F77123-DC52-4433-A907-4EBE2D8DD074}.Debug|Any CPU.Build.0 = Debug|Any CPU
		{70F77123-DC52-4433-A907-4EBE2D8DD074}.Release|Any CPU.ActiveCfg = Release|Any CPU
		{70F77123-DC52-4433-A907-4EBE2D8DD074}.Release|Any CPU.Build.0 = Release|Any CPU
		{A8CF0363-1EA0-428C-B557-73CF3CE8BEA9}.Debug|Any CPU.ActiveCfg = Debug|Any CPU
		{A8CF0363-1EA0-428C-B557-73CF3CE8BEA9}.Debug|Any CPU.Build.0 = Debug|Any CPU
		{A8CF0363-1EA0-428C-B557-73CF3CE8BEA9}.Release|Any CPU.ActiveCfg = Release|Any CPU
		{A8CF0363-1EA0-428C-B557-73CF3CE8BEA9}.Release|Any CPU.Build.0 = Release|Any CPU
		{93364474-AA00-47C3-B978-FB596BE06C8A}.Debug|Any CPU.ActiveCfg = Debug|Any CPU
		{93364474-AA00-47C3-B978-FB596BE06C8A}.Debug|Any CPU.Build.0 = Debug|Any CPU
		{93364474-AA00-47C3-B978-FB596BE06C8A}.Release|Any CPU.ActiveCfg = Release|Any CPU
		{93364474-AA00-47C3-B978-FB596BE06C8A}.Release|Any CPU.Build.0 = Release|Any CPU
		{689A1B76-B1AD-4B42-88EC-1B44C03B4729}.Debug|Any CPU.ActiveCfg = Debug|Any CPU
		{689A1B76-B1AD-4B42-88EC-1B44C03B4729}.Debug|Any CPU.Build.0 = Debug|Any CPU
		{689A1B76-B1AD-4B42-88EC-1B44C03B4729}.Release|Any CPU.ActiveCfg = Release|Any CPU
		{689A1B76-B1AD-4B42-88EC-1B44C03B4729}.Release|Any CPU.Build.0 = Release|Any CPU
		{73775F69-CBC8-4FB9-AA9C-766908B34E6B}.Debug|Any CPU.ActiveCfg = Debug|Any CPU
		{73775F69-CBC8-4FB9-AA9C-766908B34E6B}.Debug|Any CPU.Build.0 = Debug|Any CPU
		{73775F69-CBC8-4FB9-AA9C-766908B34E6B}.Release|Any CPU.ActiveCfg = Release|Any CPU
		{73775F69-CBC8-4FB9-AA9C-766908B34E6B}.Release|Any CPU.Build.0 = Release|Any CPU
	EndGlobalSection
	GlobalSection(SolutionProperties) = preSolution
		HideSolutionNode = FALSE
	EndGlobalSection
	GlobalSection(NestedProjects) = preSolution
		{43C9CE22-4FE7-4F5C-BFBD-F689F0535129} = {F13C8C62-83E8-46E3-850F-9DD25FEE794C}
		{AF7F3FC1-D245-405E-960B-02D4AC1CE745} = {F13C8C62-83E8-46E3-850F-9DD25FEE794C}
		{47D61831-B371-4DD3-BD73-4698FCFCA8D0} = {F13C8C62-83E8-46E3-850F-9DD25FEE794C}
		{C16DF162-62BE-4850-AE5D-A4D971D264AE} = {09773B5A-E73E-4552-A163-95F8EB2BDCD7}
		{09773B5A-E73E-4552-A163-95F8EB2BDCD7} = {F13C8C62-83E8-46E3-850F-9DD25FEE794C}
		{42EFA971-F150-4338-9F1F-53151981340E} = {09773B5A-E73E-4552-A163-95F8EB2BDCD7}
		{410FF60F-EA3E-4E74-AC0C-9EB018DBD939} = {43C9CE22-4FE7-4F5C-BFBD-F689F0535129}
		{4CE70CCA-2BD5-4328-A751-F8FC0E13A1D3} = {410FF60F-EA3E-4E74-AC0C-9EB018DBD939}
		{AAAAB57B-3038-4FBC-887C-4D48FB04712E} = {AF7F3FC1-D245-405E-960B-02D4AC1CE745}
		{DEA82BF3-74BA-4212-8113-DDF86C3B90CB} = {AAAAB57B-3038-4FBC-887C-4D48FB04712E}
		{C64A1BE3-8830-4E19-A2AD-84215E32E148} = {AAAAB57B-3038-4FBC-887C-4D48FB04712E}
		{5E0A5752-915D-4758-A4A5-10486FDFB8EC} = {AAAAB57B-3038-4FBC-887C-4D48FB04712E}
		{BF2BE889-D28C-4590-83D7-95E0609588E5} = {AAAAB57B-3038-4FBC-887C-4D48FB04712E}
		{EAD6305A-E5C2-4803-A339-DD893DBE304A} = {C16DF162-62BE-4850-AE5D-A4D971D264AE}
		{0FE3062F-EC46-470F-AAD0-42B32491119B} = {47D61831-B371-4DD3-BD73-4698FCFCA8D0}
		{B7704C42-4247-4034-9D0E-FEA6EEC8E251} = {0FE3062F-EC46-470F-AAD0-42B32491119B}
		{96E66D6B-7FA4-416E-97CB-9B762A59B64C} = {47D61831-B371-4DD3-BD73-4698FCFCA8D0}
		{B8F59DD2-6FA3-479B-A90F-ADC675566D1D} = {96E66D6B-7FA4-416E-97CB-9B762A59B64C}
		{373FD426-E2C0-47C7-8F78-21D3507B2CB5} = {47D61831-B371-4DD3-BD73-4698FCFCA8D0}
		{7A151CA8-BA47-4BD2-B94B-921D1FA68C0F} = {373FD426-E2C0-47C7-8F78-21D3507B2CB5}
		{E3396A79-07AE-4494-83C4-16C1CD70ECF3} = {47D61831-B371-4DD3-BD73-4698FCFCA8D0}
		{AAA31C08-4630-413D-9832-BB470AF2CFBC} = {E3396A79-07AE-4494-83C4-16C1CD70ECF3}
		{AD0A4056-C90D-488F-AD78-8B4BD835228B} = {47D61831-B371-4DD3-BD73-4698FCFCA8D0}
		{70F77123-DC52-4433-A907-4EBE2D8DD074} = {AD0A4056-C90D-488F-AD78-8B4BD835228B}
		{A8CF0363-1EA0-428C-B557-73CF3CE8BEA9} = {AD0A4056-C90D-488F-AD78-8B4BD835228B}
		{93364474-AA00-47C3-B978-FB596BE06C8A} = {AD0A4056-C90D-488F-AD78-8B4BD835228B}
		{689A1B76-B1AD-4B42-88EC-1B44C03B4729} = {AD0A4056-C90D-488F-AD78-8B4BD835228B}
		{B5AB8938-0F5A-456A-8B35-C854D5037F89} = {47D61831-B371-4DD3-BD73-4698FCFCA8D0}
		{73775F69-CBC8-4FB9-AA9C-766908B34E6B} = {B5AB8938-0F5A-456A-8B35-C854D5037F89}
	EndGlobalSection
	GlobalSection(ExtensibilityGlobals) = postSolution
		SolutionGuid = {3572BE0C-449D-4301-AE52-CECB15702219}
	EndGlobalSection
EndGlobal
